<?xml version="1.0" encoding="utf-8"?>
<Project ToolsVersion="4.0" xmlns="http://schemas.microsoft.com/developer/msbuild/2003">
  <ItemGroup>
    <Filter Include="源文件">
      <UniqueIdentifier>{4FC737F1-C7A5-4376-A066-2A32D752A2FF}</UniqueIdentifier>
      <Extensions>cpp;c;cc;cxx;def;odl;idl;hpj;bat;asm;asmx</Extensions>
    </Filter>
    <Filter Include="头文件">
      <UniqueIdentifier>{93995380-89BD-4b04-88EB-625FBE52EBFB}</UniqueIdentifier>
      <Extensions>h;hh;hpp;hxx;hm;inl;inc;xsd</Extensions>
    </Filter>
    <Filter Include="资源文件">
      <UniqueIdentifier>{67DA6AB6-F800-4c08-8B7A-83BB121AAD01}</UniqueIdentifier>
      <Extensions>rc;ico;cur;bmp;dlg;rc2;rct;bin;rgs;gif;jpg;jpeg;jpe;resx;tiff;tif;png;wav;mfcribbon-ms</Extensions>
    </Filter>
    <Filter Include="头文件\Share">
      <UniqueIdentifier>{429f7f86-7f45-43aa-ae23-d24a0537e5a8}</UniqueIdentifier>
    </Filter>
    <Filter Include="源文件\Share">
      <UniqueIdentifier>{94d50565-0733-4356-a5d9-b7dc61d6055f}</UniqueIdentifier>
    </Filter>
  </ItemGroup>
  <ItemGroup>
    <Text Include="ReadMe.txt" />
  </ItemGroup>
  <ItemGroup>
    <ClInclude Include="stdafx.h">
      <Filter>头文件</Filter>
    </ClInclude>
    <ClInclude Include="targetver.h">
      <Filter>头文件</Filter>
    </ClInclude>
    <ClInclude Include="AudioConverter.h">
      <Filter>头文件</Filter>
    </ClInclude>
    <ClInclude Include="AudioConverterHelper.h">
      <Filter>头文件</Filter>
    </ClInclude>
    <ClInclude Include="AudioConverterProxy.h">
      <Filter>头文件</Filter>
    </ClInclude>
    <ClInclude Include="..\Share\CodeConverter.h">
      <Filter>头文件\Share</Filter>
    </ClInclude>
    <ClInclude Include="AacConverter.h">
      <Filter>头文件</Filter>
    </ClInclude>
  </ItemGroup>
  <ItemGroup>
    <ClCompile Include="stdafx.cpp">
      <Filter>源文件</Filter>
    </ClCompile>
    <ClCompile Include="AudioConverter.cpp">
      <Filter>源文件</Filter>
    </ClCompile>
    <ClCompile Include="dllmain.cpp">
      <Filter>源文件</Filter>
    </ClCompile>
    <ClCompile Include="AudioConverterHelper.cpp">
      <Filter>源文件</Filter>
    </ClCompile>
    <ClCompile Include="AudioConverterProxy.cpp">
      <Filter>源文件</Filter>
    </ClCompile>
    <ClCompile Include="..\Share\CodeConverter.cpp">
      <Filter>源文件\Share</Filter>
    </ClCompile>
    <ClCompile Include="AacConverter.cpp">
      <Filter>源文件</Filter>
    </ClCompile>
  </ItemGroup>
</Project>